
Microsoft Visual Studio Solution File, Format Version 12.00
# Visual Studio Version 17
VisualStudioVersion = 17.8.34330.188
MinimumVisualStudioVersion = 10.0.40219.1
Project("{FAE04EC0-301F-11D3-BF4B-00C04F79EFBC}") = "SistemaUNI", "SistemaUNI\SistemaUNI.csproj", "{4936BAE6-A3AF-4117-87AB-CE958F02A874}"
EndProject
Global
	GlobalSection(SolutionConfigurationPlatforms) = preSolution
		Debug|Any CPU = Debug|Any CPU
		Release|Any CPU = Release|Any CPU
	EndGlobalSection
	GlobalSection(ProjectConfigurationPlatforms) = postSolution
		{4936BAE6-A3AF-4117-87AB-CE958F02A874}.Debug|Any CPU.ActiveCfg = Debug|Any CPU
		{4936BAE6-A3AF-4117-87AB-CE958F02A874}.Debug|Any CPU.Build.0 = Debug|Any CPU
		{4936BAE6-A3AF-4117-87AB-CE958F02A874}.Release|Any CPU.ActiveCfg = Release|Any CPU
		{4936BAE6-A3AF-4117-87AB-CE958F02A874}.Release|Any CPU.Build.0 = Release|Any CPU
	EndGlobalSection
	GlobalSection(SolutionProperties) = preSolution
		HideSolutionNode = FALSE
	EndGlobalSection
	GlobalSection(ExtensibilityGlobals) = postSolution
		SolutionGuid = {151D39CE-4697-4557-A644-F3A4E2F1ACE4}
	EndGlobalSection
EndGlobal
